
Microsoft Visual Studio Solution File, Format Version 12.00
# Visual Studio Version 17
VisualStudioVersion = 17.1.32228.430
MinimumVisualStudioVersion = 10.0.40219.1
Project("{9A19103F-16F7-4668-BE54-9A1E7A4F7556}") = "UsersCrud", "UsersCrud\UsersCrud.csproj", "{4CEF60A3-C9F1-41F6-8703-A6B07E578091}"
EndProject
Project("{9A19103F-16F7-4668-BE54-9A1E7A4F7556}") = "UsersCrudData", "UsersCrudData\UsersCrudData.csproj", "{BC4BFBF3-6CC3-4440-B998-E8E87589D44F}"
EndProject
Project("{FAE04EC0-301F-11D3-BF4B-00C04F79EFBC}") = "UserCrudModels", "UserCrudModels\UserCrudModels.csproj", "{A7511B0B-1F66-4690-A81B-5E9986B14EB8}"
EndProject
Project("{FAE04EC0-301F-11D3-BF4B-00C04F79EFBC}") = "UserCrudServices", "UserCrudServices\UserCrudServices.csproj", "{021363CF-1452-4E03-B1C0-9704BE69FB7E}"
EndProject
Global
	GlobalSection(SolutionConfigurationPlatforms) = preSolution
		Debug|Any CPU = Debug|Any CPU
		Release|Any CPU = Release|Any CPU
	EndGlobalSection
	GlobalSection(ProjectConfigurationPlatforms) = postSolution
		{4CEF60A3-C9F1-41F6-8703-A6B07E578091}.Debug|Any CPU.ActiveCfg = Debug|Any CPU
		{4CEF60A3-C9F1-41F6-8703-A6B07E578091}.Debug|Any CPU.Build.0 = Debug|Any CPU
		{4CEF60A3-C9F1-41F6-8703-A6B07E578091}.Release|Any CPU.ActiveCfg = Release|Any CPU
		{4CEF60A3-C9F1-41F6-8703-A6B07E578091}.Release|Any CPU.Build.0 = Release|Any CPU
		{BC4BFBF3-6CC3-4440-B998-E8E87589D44F}.Debug|Any CPU.ActiveCfg = Debug|Any CPU
		{BC4BFBF3-6CC3-4440-B998-E8E87589D44F}.Debug|Any CPU.Build.0 = Debug|Any CPU
		{BC4BFBF3-6CC3-4440-B998-E8E87589D44F}.Release|Any CPU.ActiveCfg = Release|Any CPU
		{BC4BFBF3-6CC3-4440-B998-E8E87589D44F}.Release|Any CPU.Build.0 = Release|Any CPU
		{A7511B0B-1F66-4690-A81B-5E9986B14EB8}.Debug|Any CPU.ActiveCfg = Debug|Any CPU
		{A7511B0B-1F66-4690-A81B-5E9986B14EB8}.Debug|Any CPU.Build.0 = Debug|Any CPU
		{A7511B0B-1F66-4690-A81B-5E9986B14EB8}.Release|Any CPU.ActiveCfg = Release|Any CPU
		{A7511B0B-1F66-4690-A81B-5E9986B14EB8}.Release|Any CPU.Build.0 = Release|Any CPU
		{021363CF-1452-4E03-B1C0-9704BE69FB7E}.Debug|Any CPU.ActiveCfg = Debug|Any CPU
		{021363CF-1452-4E03-B1C0-9704BE69FB7E}.Debug|Any CPU.Build.0 = Debug|Any CPU
		{021363CF-1452-4E03-B1C0-9704BE69FB7E}.Release|Any CPU.ActiveCfg = Release|Any CPU
		{021363CF-1452-4E03-B1C0-9704BE69FB7E}.Release|Any CPU.Build.0 = Release|Any CPU
	EndGlobalSection
	GlobalSection(SolutionProperties) = preSolution
		HideSolutionNode = FALSE
	EndGlobalSection
	GlobalSection(ExtensibilityGlobals) = postSolution
		SolutionGuid = {639EF4C9-0CD9-4AA9-9F1B-8A365A990900}
	EndGlobalSection
EndGlobal
